// !$*UTF8*$!
{
	archiveVersion = 1;
	classes = {
	};
	objectVersion = 56;
	objects = {

/* Begin PBXBuildFile section */
		C2264BC42990843A003F422A /* NasaDailyApp.swift in Sources */ = {isa = PBXBuildFile; fileRef = C2264BC32990843A003F422A /* NasaDailyApp.swift */; };
		C2264BC82990843B003F422A /* Assets.xcassets in Resources */ = {isa = PBXBuildFile; fileRef = C2264BC72990843B003F422A /* Assets.xcassets */; };
		C2264BCB2990843B003F422A /* Preview Assets.xcassets in Resources */ = {isa = PBXBuildFile; fileRef = C2264BCA2990843B003F422A /* Preview Assets.xcassets */; };
		C2264BCD2990843B003F422A /* Persistence.swift in Sources */ = {isa = PBXBuildFile; fileRef = C2264BCC2990843B003F422A /* Persistence.swift */; };
		C2264BD02990843B003F422A /* NasaDaily.xcdatamodeld in Sources */ = {isa = PBXBuildFile; fileRef = C2264BCE2990843B003F422A /* NasaDaily.xcdatamodeld */; };
		C2264BD929914F7C003F422A /* ContentView.swift in Sources */ = {isa = PBXBuildFile; fileRef = C2264BD829914F7C003F422A /* ContentView.swift */; };
		C2264BE629916D77003F422A /* ApiObject.swift in Sources */ = {isa = PBXBuildFile; fileRef = C2264BE529916D77003F422A /* ApiObject.swift */; };
		C2264BEA29918E8A003F422A /* ApiViewController.swift in Sources */ = {isa = PBXBuildFile; fileRef = C2264BE929918E8A003F422A /* ApiViewController.swift */; };
/* End PBXBuildFile section */

/* Begin PBXFileReference section */
		C2264BC02990843A003F422A /* NasaDaily.app */ = {isa = PBXFileReference; explicitFileType = wrapper.application; includeInIndex = 0; path = NasaDaily.app; sourceTree = BUILT_PRODUCTS_DIR; };
		C2264BC32990843A003F422A /* NasaDailyApp.swift */ = {isa = PBXFileReference; lastKnownFileType = sourcecode.swift; path = NasaDailyApp.swift; sourceTree = "<group>"; };
		C2264BC72990843B003F422A /* Assets.xcassets */ = {isa = PBXFileReference; lastKnownFileType = folder.assetcatalog; path = Assets.xcassets; sourceTree = "<group>"; };
		C2264BCA2990843B003F422A /* Preview Assets.xcassets */ = {isa = PBXFileReference; lastKnownFileType = folder.assetcatalog; path = "Preview Assets.xcassets"; sourceTree = "<group>"; };
		C2264BCC2990843B003F422A /* Persistence.swift */ = {isa = PBXFileReference; lastKnownFileType = sourcecode.swift; path = Persistence.swift; sourceTree = "<group>"; };
		C2264BCF2990843B003F422A /* NasaDaily.xcdatamodel */ = {isa = PBXFileReference; lastKnownFileType = wrapper.xcdatamodel; path = NasaDaily.xcdatamodel; sourceTree = "<group>"; };
		C2264BD829914F7C003F422A /* ContentView.swift */ = {isa = PBXFileReference; fileEncoding = 4; lastKnownFileType = sourcecode.swift; path = ContentView.swift; sourceTree = "<group>"; };
		C2264BE529916D77003F422A /* ApiObject.swift */ = {isa = PBXFileReference; lastKnownFileType = sourcecode.swift; path = ApiObject.swift; sourceTree = "<group>"; };
		C2264BE929918E8A003F422A /* ApiViewController.swift */ = {isa = PBXFileReference; lastKnownFileType = sourcecode.swift; path = ApiViewController.swift; sourceTree = "<group>"; };
/* End PBXFileReference section */

/* Begin PBXFrameworksBuildPhase section */
		C2264BBD29908439003F422A /* Frameworks */ = {
			isa = PBXFrameworksBuildPhase;
			buildActionMask = 2147483647;
			files = (
			);
			runOnlyForDeploymentPostprocessing = 0;
		};
/* End PBXFrameworksBuildPhase section */

/* Begin PBXGroup section */
		C2264BB729908439003F422A = {
			isa = PBXGroup;
			children = (
				C2264BC22990843A003F422A /* NasaDaily */,
				C2264BC12990843A003F422A /* Products */,
			);
			sourceTree = "<group>";
		};
		C2264BC12990843A003F422A /* Products */ = {
			isa = PBXGroup;
			children = (
				C2264BC02990843A003F422A /* NasaDaily.app */,
			);
			name = Products;
			sourceTree = "<group>";
		};
		C2264BC22990843A003F422A /* NasaDaily */ = {
			isa = PBXGroup;
			children = (
				C2264BC32990843A003F422A /* NasaDailyApp.swift */,
				C2264BE529916D77003F422A /* ApiObject.swift */,
				C2264BE929918E8A003F422A /* ApiViewController.swift */,
				C2264BD829914F7C003F422A /* ContentView.swift */,
				C2264BC72990843B003F422A /* Assets.xcassets */,
				C2264BCC2990843B003F422A /* Persistence.swift */,
				C2264BCE2990843B003F422A /* NasaDaily.xcdatamodeld */,
				C2264BC92990843B003F422A /* Preview Content */,
			);
			path = NasaDaily;
			sourceTree = "<group>";
		};
		C2264BC92990843B003F422A /* Preview Content */ = {
			isa = PBXGroup;
			children = (
				C2264BCA2990843B003F422A /* Preview Assets.xcassets */,
			);
			path = "Preview Content";
			sourceTree = "<group>";
		};
/* End PBXGroup section */

/* Begin PBXNativeTarget section */
		C2264BBF29908439003F422A /* NasaDaily */ = {
			isa = PBXNativeTarget;
			buildConfigurationList = C2264BD32990843B003F422A /* Build configuration list for PBXNativeTarget "NasaDaily" */;
			buildPhases = (
				C2264BBC29908439003F422A /* Sources */,
				C2264BBD29908439003F422A /* Frameworks */,
				C2264BBE29908439003F422A /* Resources */,
			);
			buildRules = (
			);
			dependencies = (
			);
			name = NasaDaily;
			productName = NasaDaily;
			productReference = C2264BC02990843A003F422A /* NasaDaily.app */;
			productType = "com.apple.product-type.application";
		};
/* End PBXNativeTarget section */

/* Begin PBXProject section */
		C2264BB829908439003F422A /* Project object */ = {
			isa = PBXProject;
			attributes = {
				BuildIndependentTargetsInParallel = 1;
				LastSwiftUpdateCheck = 1420;
				LastUpgradeCheck = 1420;
				TargetAttributes = {
					C2264BBF29908439003F422A = {
						CreatedOnToolsVersion = 14.2;
					};
				};
			};
			buildConfigurationList = C2264BBB29908439003F422A /* Build configuration list for PBXProject "NasaDaily" */;
			compatibilityVersion = "Xcode 14.0";
			developmentRegion = en;
			hasScannedForEncodings = 0;
			knownRegions = (
				en,
				Base,
			);
			mainGroup = C2264BB729908439003F422A;
			productRefGroup = C2264BC12990843A003F422A /* Products */;
			projectDirPath = "";
			projectRoot = "";
			targets = (
				C2264BBF29908439003F422A /* NasaDaily */,
			);
		};
/* End PBXProject section */

/* Begin PBXResourcesBuildPhase section */
		C2264BBE29908439003F422A /* Resources */ = {
			isa = PBXResourcesBuildPhase;
			buildActionMask = 2147483647;
			files = (
				C2264BCB2990843B003F422A /* Preview Assets.xcassets in Resources */,
				C2264BC82990843B003F422A /* Assets.xcassets in Resources */,
			);
			runOnlyForDeploymentPostprocessing = 0;
		};
/* End PBXResourcesBuildPhase section */

/* Begin PBXSourcesBuildPhase section */
		C2264BBC29908439003F422A /* Sources */ = {
			isa = PBXSourcesBuildPhase;
			buildActionMask = 2147483647;
			files = (
				C2264BE629916D77003F422A /* ApiObject.swift in Sources */,
				C2264BD02990843B003F422A /* NasaDaily.xcdatamodeld in Sources */,
				C2264BD929914F7C003F422A /* ContentView.swift in Sources */,
				C2264BCD2990843B003F422A /* Persistence.swift in Sources */,
				C2264BC42990843A003F422A /* NasaDailyApp.swift in Sources */,
				C2264BEA29918E8A003F422A /* ApiViewController.swift in Sources */,
			);
			runOnlyForDeploymentPostprocessing = 0;
		};
/* End PBXSourcesBuildPhase section */

/* Begin XCBuildConfiguration section */
		C2264BD12990843B003F422A /* Debug */ = {
			isa = XCBuildConfiguration;
			buildSettings = {
				ALWAYS_SEARCH_USER_PATHS = NO;
				CLANG_ANALYZER_NONNULL = YES;
				CLANG_ANALYZER_NUMBER_OBJECT_CONVERSION = YES_AGGRESSIVE;
				CLANG_CXX_LANGUAGE_STANDARD = "gnu++20";
				CLANG_ENABLE_MODULES = YES;
				CLANG_ENABLE_OBJC_ARC = YES;
				CLANG_ENABLE_OBJC_WEAK = YES;
				CLANG_WARN_BLOCK_CAPTURE_AUTORELEASING = YES;
				CLANG_WARN_BOOL_CONVERSION = YES;
				CLANG_WARN_COMMA = YES;
				CLANG_WARN_CONSTANT_CONVERSION = YES;
				CLANG_WARN_DEPRECATED_OBJC_IMPLEMENTATIONS = YES;
				CLANG_WARN_DIRECT_OBJC_ISA_USAGE = YES_ERROR;
				CLANG_WARN_DOCUMENTATION_COMMENTS = YES;
				CLANG_WARN_EMPTY_BODY = YES;
				CLANG_WARN_ENUM_CONVERSION = YES;
				CLANG_WARN_INFINITE_RECURSION = YES;
				CLANG_WARN_INT_CONVERSION = YES;
				CLANG_WARN_NON_LITERAL_NULL_CONVERSION = YES;
				CLANG_WARN_OBJC_IMPLICIT_RETAIN_SELF = YES;
				CLANG_WARN_OBJC_LITERAL_CONVERSION = YES;
				CLANG_WARN_OBJC_ROOT_CLASS = YES_ERROR;
				CLANG_WARN_QUOTED_INCLUDE_IN_FRAMEWORK_HEADER = YES;
				CLANG_WARN_RANGE_LOOP_ANALYSIS = YES;
				CLANG_WARN_STRICT_PROTOTYPES = YES;
				CLANG_WARN_SUSPICIOUS_MOVE = YES;
				CLANG_WARN_UNGUARDED_AVAILABILITY = YES_AGGRESSIVE;
				CLANG_WARN_UNREACHABLE_CODE = YES;
				CLANG_WARN__DUPLICATE_METHOD_MATCH = YES;
				COPY_PHASE_STRIP = NO;
				DEBUG_INFORMATION_FORMAT = dwarf;
				ENABLE_STRICT_OBJC_MSGSEND = YES;
				ENABLE_TESTABILITY = YES;
				GCC_C_LANGUAGE_STANDARD = gnu11;
				GCC_DYNAMIC_NO_PIC = NO;
				GCC_NO_COMMON_BLOCKS = YES;
				GCC_OPTIMIZATION_LEVEL = 0;
				GCC_PREPROCESSOR_DEFINITIONS = (
					"DEBUG=1",
					"$(inherited)",
				);
				GCC_WARN_64_TO_32_BIT_CONVERSION = YES;
				GCC_WARN_ABOUT_RETURN_TYPE = YES_ERROR;
				GCC_WARN_UNDECLARED_SELECTOR = YES;
				GCC_WARN_UNINITIALIZED_AUTOS = YES_AGGRESSIVE;
				GCC_WARN_UNUSED_FUNCTION = YES;
				GCC_WARN_UNUSED_VARIABLE = YES;
				IPHONEOS_DEPLOYMENT_TARGET = 16.2;
				MTL_ENABLE_DEBUG_INFO = INCLUDE_SOURCE;
				MTL_FAST_MATH = YES;
				ONLY_ACTIVE_ARCH = YES;
				SDKROOT = iphoneos;
				SWIFT_ACTIVE_COMPILATION_CONDITIONS = DEBUG;
				SWIFT_OPTIMIZATION_LEVEL = "-Onone";
			};
			name = Debug;
		};
		C2264BD22990843B003F422A /* Release */ = {
			isa = XCBuildConfiguration;
			buildSettings = {
				ALWAYS_SEARCH_USER_PATHS = NO;
				CLANG_ANALYZER_NONNULL = YES;
				CLANG_ANALYZER_NUMBER_OBJECT_CONVERSION = YES_AGGRESSIVE;
				CLANG_CXX_LANGUAGE_STANDARD = "gnu++20";
				CLANG_ENABLE_MODULES = YES;
				CLANG_ENABLE_OBJC_ARC = YES;
				CLANG_ENABLE_OBJC_WEAK = YES;
				CLANG_WARN_BLOCK_CAPTURE_AUTORELEASING = YES;
				CLANG_WARN_BOOL_CONVERSION = YES;
				CLANG_WARN_COMMA = YES;
				CLANG_WARN_CONSTANT_CONVERSION = YES;
				CLANG_WARN_DEPRECATED_OBJC_IMPLEMENTATIONS = YES;
				CLANG_WARN_DIRECT_OBJC_ISA_USAGE = YES_ERROR;
				CLANG_WARN_DOCUMENTATION_COMMENTS = YES;
				CLANG_WARN_EMPTY_BODY = YES;
				CLANG_WARN_ENUM_CONVERSION = YES;
				CLANG_WARN_INFINITE_RECURSION = YES;
				CLANG_WARN_INT_CONVERSION = YES;
				CLANG_WARN_NON_LITERAL_NULL_CONVERSION = YES;
				CLANG_WARN_OBJC_IMPLICIT_RETAIN_SELF = YES;
				CLANG_WARN_OBJC_LITERAL_CONVERSION = YES;
				CLANG_WARN_OBJC_ROOT_CLASS = YES_ERROR;
				CLANG_WARN_QUOTED_INCLUDE_IN_FRAMEWORK_HEADER = YES;
				CLANG_WARN_RANGE_LOOP_ANALYSIS = YES;
				CLANG_WARN_STRICT_PROTOTYPES = YES;
				CLANG_WARN_SUSPICIOUS_MOVE = YES;
				CLANG_WARN_UNGUARDED_AVAILABILITY = YES_AGGRESSIVE;
				CLANG_WARN_UNREACHABLE_CODE = YES;
				CLANG_WARN__DUPLICATE_METHOD_MATCH = YES;
				COPY_PHASE_STRIP = NO;
				DEBUG_INFORMATION_FORMAT = "dwarf-with-dsym";
				ENABLE_NS_ASSERTIONS = NO;
				ENABLE_STRICT_OBJC_MSGSEND = YES;
				GCC_C_LANGUAGE_STANDARD = gnu11;
				GCC_NO_COMMON_BLOCKS = YES;
				GCC_WARN_64_TO_32_BIT_CONVERSION = YES;
				GCC_WARN_ABOUT_RETURN_TYPE = YES_ERROR;
				GCC_WARN_UNDECLARED_SELECTOR = YES;
				GCC_WARN_UNINITIALIZED_AUTOS = YES_AGGRESSIVE;
				GCC_WARN_UNUSED_FUNCTION = YES;
				GCC_WARN_UNUSED_VARIABLE = YES;
				IPHONEOS_DEPLOYMENT_TARGET = 16.2;
				MTL_ENABLE_DEBUG_INFO = NO;
				MTL_FAST_MATH = YES;
				SDKROOT = iphoneos;
				SWIFT_COMPILATION_MODE = wholemodule;
				SWIFT_OPTIMIZATION_LEVEL = "-O";
				VALIDATE_PRODUCT = YES;
			};
			name = Release;
		};
		C2264BD42990843B003F422A /* Debug */ = {
			isa = XCBuildConfiguration;
			buildSettings = {
				ASSETCATALOG_COMPILER_APPICON_NAME = AppIcon;
				ASSETCATALOG_COMPILER_GLOBAL_ACCENT_COLOR_NAME = AccentColor;
				CODE_SIGN_STYLE = Automatic;
				CURRENT_PROJECT_VERSION = 1;
				DEVELOPMENT_ASSET_PATHS = "\"NasaDaily/Preview Content\"";
				DEVELOPMENT_TEAM = 7L5U9FH394;
				ENABLE_PREVIEWS = YES;
				GENERATE_INFOPLIST_FILE = YES;
				INFOPLIST_KEY_UIApplicationSceneManifest_Generation = YES;
				INFOPLIST_KEY_UIApplicationSupportsIndirectInputEvents = YES;
				INFOPLIST_KEY_UILaunchScreen_Generation = YES;
				INFOPLIST_KEY_UISupportedInterfaceOrientations_iPad = "UIInterfaceOrientationPortrait UIInterfaceOrientationPortraitUpsideDown UIInterfaceOrientationLandscapeLeft UIInterfaceOrientationLandscapeRight";
				INFOPLIST_KEY_UISupportedInterfaceOrientations_iPhone = "UIInterfaceOrientationPortrait UIInterfaceOrientationLandscapeLeft UIInterfaceOrientationLandscapeRight";
				LD_RUNPATH_SEARCH_PATHS = (
					"$(inherited)",
					"@executable_path/Frameworks",
				);
				MARKETING_VERSION = 1.0;
				PRODUCT_BUNDLE_IDENTIFIER = AndreasHartanto.NasaDaily;
				PRODUCT_NAME = "$(TARGET_NAME)";
				SWIFT_EMIT_LOC_STRINGS = YES;
				SWIFT_VERSION = 5.0;
				TARGETED_DEVICE_FAMILY = "1,2";
			};
			name = Debug;
		};
		C2264BD52990843B003F422A /* Release */ = {
			isa = XCBuildConfiguration;
			buildSettings = {
				ASSETCATALOG_COMPILER_APPICON_NAME = AppIcon;
				ASSETCATALOG_COMPILER_GLOBAL_ACCENT_COLOR_NAME = AccentColor;
				CODE_SIGN_STYLE = Automatic;
				CURRENT_PROJECT_VERSION = 1;
				DEVELOPMENT_ASSET_PATHS = "\"NasaDaily/Preview Content\"";
				DEVELOPMENT_TEAM = 7L5U9FH394;
				ENABLE_PREVIEWS = YES;
				GENERATE_INFOPLIST_FILE = YES;
				INFOPLIST_KEY_UIApplicationSceneManifest_Generation = YES;
				INFOPLIST_KEY_UIApplicationSupportsIndirectInputEvents = YES;
				INFOPLIST_KEY_UILaunchScreen_Generation = YES;
				INFOPLIST_KEY_UISupportedInterfaceOrientations_iPad = "UIInterfaceOrientationPortrait UIInterfaceOrientationPortraitUpsideDown UIInterfaceOrientationLandscapeLeft UIInterfaceOrientationLandscapeRight";
				INFOPLIST_KEY_UISupportedInterfaceOrientations_iPhone = "UIInterfaceOrientationPortrait UIInterfaceOrientationLandscapeLeft UIInterfaceOrientationLandscapeRight";
				LD_RUNPATH_SEARCH_PATHS = (
					"$(inherited)",
					"@executable_path/Frameworks",
				);
				MARKETING_VERSION = 1.0;
				PRODUCT_BUNDLE_IDENTIFIER = AndreasHartanto.NasaDaily;
				PRODUCT_NAME = "$(TARGET_NAME)";
				SWIFT_EMIT_LOC_STRINGS = YES;
				SWIFT_VERSION = 5.0;
				TARGETED_DEVICE_FAMILY = "1,2";
			};
			name = Release;
		};
/* End XCBuildConfiguration section */

/* Begin XCConfigurationList section */
		C2264BBB29908439003F422A /* Build configuration list for PBXProject "NasaDaily" */ = {
			isa = XCConfigurationList;
			buildConfigurations = (
				C2264BD12990843B003F422A /* Debug */,
				C2264BD22990843B003F422A /* Release */,
			);
			defaultConfigurationIsVisible = 0;
			defaultConfigurationName = Release;
		};
		C2264BD32990843B003F422A /* Build configuration list for PBXNativeTarget "NasaDaily" */ = {
			isa = XCConfigurationList;
			buildConfigurations = (
				C2264BD42990843B003F422A /* Debug */,
				C2264BD52990843B003F422A /* Release */,
			);
			defaultConfigurationIsVisible = 0;
			defaultConfigurationName = Release;
		};
/* End XCConfigurationList section */

/* Begin XCVersionGroup section */
		C2264BCE2990843B003F422A /* NasaDaily.xcdatamodeld */ = {
			isa = XCVersionGroup;
			children = (
				C2264BCF2990843B003F422A /* NasaDaily.xcdatamodel */,
			);
			currentVersion = C2264BCF2990843B003F422A /* NasaDaily.xcdatamodel */;
			path = NasaDaily.xcdatamodeld;
			sourceTree = "<group>";
			versionGroupType = wrapper.xcdatamodel;
		};
/* End XCVersionGroup section */
	};
	rootObject = C2264BB829908439003F422A /* Project object */;
}
